{
  "name": "startbootstrap-sb-admin-2",
  "version": "3.3.7+1",
  "lockfileVersion": 1,
  "requires": true,
  "dependencies": {
    "downloads-folder": {
      "version": "1.0.1",
      "resolved": "https://registry.npmjs.org/downloads-folder/-/downloads-folder-1.0.1.tgz",
      "integrity": "sha512-qfT14VpBllflfWnQni8rSjkZGsWTk/HhKEnReVVKc2mM8y13+KaARTn+OFgFuLMwZ7YOuuCiilGK8mba2Pk/TA=="
    }
  }
}
